
Microsoft Visual Studio Solution File, Format Version 12.00
# Visual Studio Version 17
VisualStudioVersion = 17.6.33815.320
MinimumVisualStudioVersion = 10.0.40219.1
Project("{FAE04EC0-301F-11D3-BF4B-00C04F79EFBC}") = "ProjectVP", "ProjectVP\ProjectVP.csproj", "{7F79F906-2BCE-4AC1-A386-5152AA6DF8BE}"
EndProject
Project("{FAE04EC0-301F-11D3-BF4B-00C04F79EFBC}") = "DataLayer", "DataLayer\DataLayer.csproj", "{71521DDA-B38A-441E-9195-1690FDFAFAF9}"
EndProject
Project("{FAE04EC0-301F-11D3-BF4B-00C04F79EFBC}") = "LINQQuery", "ADO\LINQQuery.csproj", "{30E117FB-4563-49C7-A56E-9237EDD60002}"
EndProject
Global
	GlobalSection(SolutionConfigurationPlatforms) = preSolution
		Debug|Any CPU = Debug|Any CPU
		Release|Any CPU = Release|Any CPU
	EndGlobalSection
	GlobalSection(ProjectConfigurationPlatforms) = postSolution
		{7F79F906-2BCE-4AC1-A386-5152AA6DF8BE}.Debug|Any CPU.ActiveCfg = Debug|Any CPU
		{7F79F906-2BCE-4AC1-A386-5152AA6DF8BE}.Debug|Any CPU.Build.0 = Debug|Any CPU
		{7F79F906-2BCE-4AC1-A386-5152AA6DF8BE}.Release|Any CPU.ActiveCfg = Release|Any CPU
		{7F79F906-2BCE-4AC1-A386-5152AA6DF8BE}.Release|Any CPU.Build.0 = Release|Any CPU
		{71521DDA-B38A-441E-9195-1690FDFAFAF9}.Debug|Any CPU.ActiveCfg = Debug|Any CPU
		{71521DDA-B38A-441E-9195-1690FDFAFAF9}.Debug|Any CPU.Build.0 = Debug|Any CPU
		{71521DDA-B38A-441E-9195-1690FDFAFAF9}.Release|Any CPU.ActiveCfg = Release|Any CPU
		{71521DDA-B38A-441E-9195-1690FDFAFAF9}.Release|Any CPU.Build.0 = Release|Any CPU
		{30E117FB-4563-49C7-A56E-9237EDD60002}.Debug|Any CPU.ActiveCfg = Debug|Any CPU
		{30E117FB-4563-49C7-A56E-9237EDD60002}.Debug|Any CPU.Build.0 = Debug|Any CPU
		{30E117FB-4563-49C7-A56E-9237EDD60002}.Release|Any CPU.ActiveCfg = Release|Any CPU
		{30E117FB-4563-49C7-A56E-9237EDD60002}.Release|Any CPU.Build.0 = Release|Any CPU
	EndGlobalSection
	GlobalSection(SolutionProperties) = preSolution
		HideSolutionNode = FALSE
	EndGlobalSection
	GlobalSection(ExtensibilityGlobals) = postSolution
		SolutionGuid = {F8FF90E7-E73F-42DB-853F-B7D3FF39B494}
	EndGlobalSection
EndGlobal
